
Microsoft Visual Studio Solution File, Format Version 12.00
# Visual Studio Version 17
VisualStudioVersion = 17.4.33110.190
MinimumVisualStudioVersion = 10.0.40219.1
Project("{FAE04EC0-301F-11D3-BF4B-00C04F79EFBC}") = "WPC", "WPC\WPC.csproj", "{05F55FD6-7BA4-4045-966B-F7A4CFECAB63}"
EndProject
Global
	GlobalSection(SolutionConfigurationPlatforms) = preSolution
		Debug|Any CPU = Debug|Any CPU
		Release|Any CPU = Release|Any CPU
	EndGlobalSection
	GlobalSection(ProjectConfigurationPlatforms) = postSolution
		{05F55FD6-7BA4-4045-966B-F7A4CFECAB63}.Debug|Any CPU.ActiveCfg = Debug|Any CPU
		{05F55FD6-7BA4-4045-966B-F7A4CFECAB63}.Debug|Any CPU.Build.0 = Debug|Any CPU
		{05F55FD6-7BA4-4045-966B-F7A4CFECAB63}.Release|Any CPU.ActiveCfg = Release|Any CPU
		{05F55FD6-7BA4-4045-966B-F7A4CFECAB63}.Release|Any CPU.Build.0 = Release|Any CPU
	EndGlobalSection
	GlobalSection(SolutionProperties) = preSolution
		HideSolutionNode = FALSE
	EndGlobalSection
	GlobalSection(ExtensibilityGlobals) = postSolution
		SolutionGuid = {D3A83A1E-D19C-4919-99B1-3F6C43F60A20}
	EndGlobalSection
EndGlobal
